
Microsoft Visual Studio Solution File, Format Version 12.00
# Visual Studio 15
VisualStudioVersion = 15.0.28307.168
MinimumVisualStudioVersion = 10.0.40219.1
Project("{FAE04EC0-301F-11D3-BF4B-00C04F79EFBC}") = "Foods", "Foods\Foods.csproj", "{D36677C9-09E5-40EA-B4E9-AA0A77F3A3D5}"
EndProject
Project("{FAE04EC0-301F-11D3-BF4B-00C04F79EFBC}") = "FoodsTest", "FoodsTest\FoodsTest.csproj", "{3CE87D09-4F62-419B-A1DB-B739DAA00835}"
EndProject
Global
	GlobalSection(SolutionConfigurationPlatforms) = preSolution
		Debug|Any CPU = Debug|Any CPU
		Release|Any CPU = Release|Any CPU
	EndGlobalSection
	GlobalSection(ProjectConfigurationPlatforms) = postSolution
		{D36677C9-09E5-40EA-B4E9-AA0A77F3A3D5}.Debug|Any CPU.ActiveCfg = Debug|Any CPU
		{D36677C9-09E5-40EA-B4E9-AA0A77F3A3D5}.Debug|Any CPU.Build.0 = Debug|Any CPU
		{D36677C9-09E5-40EA-B4E9-AA0A77F3A3D5}.Release|Any CPU.ActiveCfg = Release|Any CPU
		{D36677C9-09E5-40EA-B4E9-AA0A77F3A3D5}.Release|Any CPU.Build.0 = Release|Any CPU
		{3CE87D09-4F62-419B-A1DB-B739DAA00835}.Debug|Any CPU.ActiveCfg = Debug|Any CPU
		{3CE87D09-4F62-419B-A1DB-B739DAA00835}.Debug|Any CPU.Build.0 = Debug|Any CPU
		{3CE87D09-4F62-419B-A1DB-B739DAA00835}.Release|Any CPU.ActiveCfg = Release|Any CPU
		{3CE87D09-4F62-419B-A1DB-B739DAA00835}.Release|Any CPU.Build.0 = Release|Any CPU
	EndGlobalSection
	GlobalSection(SolutionProperties) = preSolution
		HideSolutionNode = FALSE
	EndGlobalSection
	GlobalSection(ExtensibilityGlobals) = postSolution
		SolutionGuid = {84D48E7E-D25A-4EDA-9F51-F4A39A5164D2}
	EndGlobalSection
EndGlobal
